
Microsoft Visual Studio Solution File, Format Version 12.00
# Visual Studio Version 16
VisualStudioVersion = 16.0.29503.13
MinimumVisualStudioVersion = 10.0.40219.1
Project("{FAE04EC0-301F-11D3-BF4B-00C04F79EFBC}") = "Selenium_Prueba", "Selenium_Prueba.csproj", "{C48792A8-C83D-49FF-8F0E-E14E22AD7BA1}"
EndProject
Global
	GlobalSection(SolutionConfigurationPlatforms) = preSolution
		Debug|Any CPU = Debug|Any CPU
		Release|Any CPU = Release|Any CPU
	EndGlobalSection
	GlobalSection(ProjectConfigurationPlatforms) = postSolution
		{C48792A8-C83D-49FF-8F0E-E14E22AD7BA1}.Debug|Any CPU.ActiveCfg = Debug|Any CPU
		{C48792A8-C83D-49FF-8F0E-E14E22AD7BA1}.Debug|Any CPU.Build.0 = Debug|Any CPU
		{C48792A8-C83D-49FF-8F0E-E14E22AD7BA1}.Release|Any CPU.ActiveCfg = Release|Any CPU
		{C48792A8-C83D-49FF-8F0E-E14E22AD7BA1}.Release|Any CPU.Build.0 = Release|Any CPU
	EndGlobalSection
	GlobalSection(SolutionProperties) = preSolution
		HideSolutionNode = FALSE
	EndGlobalSection
	GlobalSection(ExtensibilityGlobals) = postSolution
		SolutionGuid = {F62D4CBB-F899-48D3-B618-06D177340983}
	EndGlobalSection
EndGlobal
